
Microsoft Visual Studio Solution File, Format Version 12.00
# Visual Studio Version 16
VisualStudioVersion = 16.0.30104.148
MinimumVisualStudioVersion = 10.0.40219.1
Project("{FAE04EC0-301F-11D3-BF4B-00C04F79EFBC}") = "WatchShop", "WatchShop\WatchShop.csproj", "{9656BEBE-7AB2-4E0E-9796-90121646AE2D}"
EndProject
Global
	GlobalSection(SolutionConfigurationPlatforms) = preSolution
		Debug|Any CPU = Debug|Any CPU
		Release|Any CPU = Release|Any CPU
	EndGlobalSection
	GlobalSection(ProjectConfigurationPlatforms) = postSolution
		{9656BEBE-7AB2-4E0E-9796-90121646AE2D}.Debug|Any CPU.ActiveCfg = Debug|Any CPU
		{9656BEBE-7AB2-4E0E-9796-90121646AE2D}.Debug|Any CPU.Build.0 = Debug|Any CPU
		{9656BEBE-7AB2-4E0E-9796-90121646AE2D}.Release|Any CPU.ActiveCfg = Release|Any CPU
		{9656BEBE-7AB2-4E0E-9796-90121646AE2D}.Release|Any CPU.Build.0 = Release|Any CPU
	EndGlobalSection
	GlobalSection(SolutionProperties) = preSolution
		HideSolutionNode = FALSE
	EndGlobalSection
	GlobalSection(ExtensibilityGlobals) = postSolution
		SolutionGuid = {BFCE1AEC-EE24-4D18-8B73-BF2392ABC4A5}
	EndGlobalSection
EndGlobal
